
Microsoft Visual Studio Solution File, Format Version 12.00
# Visual Studio Version 16
VisualStudioVersion = 16.0.30907.101
MinimumVisualStudioVersion = 10.0.40219.1
Project("{9A19103F-16F7-4668-BE54-9A1E7A4F7556}") = "SmartSchool.API", "SmartSchool.API\SmartSchool.API.csproj", "{F03FCA50-901B-43A9-B0BB-D916767C08FD}"
EndProject
Project("{FAE04EC0-301F-11D3-BF4B-00C04F79EFBC}") = "SmartSchoolTest", "SmartSchoolTest\SmartSchoolTest.csproj", "{195BFEDB-A575-4C16-80B7-10F62F93DEFC}"
EndProject
Global
	GlobalSection(SolutionConfigurationPlatforms) = preSolution
		Debug|Any CPU = Debug|Any CPU
		Release|Any CPU = Release|Any CPU
	EndGlobalSection
	GlobalSection(ProjectConfigurationPlatforms) = postSolution
		{F03FCA50-901B-43A9-B0BB-D916767C08FD}.Debug|Any CPU.ActiveCfg = Debug|Any CPU
		{F03FCA50-901B-43A9-B0BB-D916767C08FD}.Debug|Any CPU.Build.0 = Debug|Any CPU
		{F03FCA50-901B-43A9-B0BB-D916767C08FD}.Release|Any CPU.ActiveCfg = Release|Any CPU
		{F03FCA50-901B-43A9-B0BB-D916767C08FD}.Release|Any CPU.Build.0 = Release|Any CPU
		{195BFEDB-A575-4C16-80B7-10F62F93DEFC}.Debug|Any CPU.ActiveCfg = Debug|Any CPU
		{195BFEDB-A575-4C16-80B7-10F62F93DEFC}.Debug|Any CPU.Build.0 = Debug|Any CPU
		{195BFEDB-A575-4C16-80B7-10F62F93DEFC}.Release|Any CPU.ActiveCfg = Release|Any CPU
		{195BFEDB-A575-4C16-80B7-10F62F93DEFC}.Release|Any CPU.Build.0 = Release|Any CPU
	EndGlobalSection
	GlobalSection(SolutionProperties) = preSolution
		HideSolutionNode = FALSE
	EndGlobalSection
	GlobalSection(ExtensibilityGlobals) = postSolution
		SolutionGuid = {26C90C6A-0130-431A-A312-2C8964AB1DE2}
	EndGlobalSection
EndGlobal
